// !$*UTF8*$!
{
	archiveVersion = 1;
	classes = {
	};
	objectVersion = 46;
	objects = {

/* Begin PBXBuildFile section */
		AACB5FD718EB8ED1002CB1D9 /* Foundation.framework in Frameworks */ = {isa = PBXBuildFile; fileRef = AACB5FD618EB8ED1002CB1D9 /* Foundation.framework */; };
		AACB5FD918EB8ED1002CB1D9 /* CoreGraphics.framework in Frameworks */ = {isa = PBXBuildFile; fileRef = AACB5FD818EB8ED1002CB1D9 /* CoreGraphics.framework */; };
		AACB5FDB18EB8ED1002CB1D9 /* UIKit.framework in Frameworks */ = {isa = PBXBuildFile; fileRef = AACB5FDA18EB8ED1002CB1D9 /* UIKit.framework */; };
		AACB5FE118EB8ED1002CB1D9 /* InfoPlist.strings in Resources */ = {isa = PBXBuildFile; fileRef = AACB5FDF18EB8ED1002CB1D9 /* InfoPlist.strings */; };
		AACB5FE318EB8ED1002CB1D9 /* main.m in Sources */ = {isa = PBXBuildFile; fileRef = AACB5FE218EB8ED1002CB1D9 /* main.m */; };
		AACB5FE718EB8ED1002CB1D9 /* R45AppDelegate.m in Sources */ = {isa = PBXBuildFile; fileRef = AACB5FE618EB8ED1002CB1D9 /* R45AppDelegate.m */; };
		AACB5FEA18EB8ED1002CB1D9 /* Main_iPhone.storyboard in Resources */ = {isa = PBXBuildFile; fileRef = AACB5FE818EB8ED1002CB1D9 /* Main_iPhone.storyboard */; };
		AACB5FED18EB8ED1002CB1D9 /* Main_iPad.storyboard in Resources */ = {isa = PBXBuildFile; fileRef = AACB5FEB18EB8ED1002CB1D9 /* Main_iPad.storyboard */; };
		AACB5FF018EB8ED1002CB1D9 /* R45ViewController.m in Sources */ = {isa = PBXBuildFile; fileRef = AACB5FEF18EB8ED1002CB1D9 /* R45ViewController.m */; };
		AACB5FF218EB8ED2002CB1D9 /* Images.xcassets in Resources */ = {isa = PBXBuildFile; fileRef = AACB5FF118EB8ED2002CB1D9 /* Images.xcassets */; };
		AACB5FF918EB8ED2002CB1D9 /* XCTest.framework in Frameworks */ = {isa = PBXBuildFile; fileRef = AACB5FF818EB8ED2002CB1D9 /* XCTest.framework */; };
		AACB5FFA18EB8ED2002CB1D9 /* Foundation.framework in Frameworks */ = {isa = PBXBuildFile; fileRef = AACB5FD618EB8ED1002CB1D9 /* Foundation.framework */; };
		AACB5FFB18EB8ED2002CB1D9 /* UIKit.framework in Frameworks */ = {isa = PBXBuildFile; fileRef = AACB5FDA18EB8ED1002CB1D9 /* UIKit.framework */; };
		AACB600318EB8ED2002CB1D9 /* InfoPlist.strings in Resources */ = {isa = PBXBuildFile; fileRef = AACB600118EB8ED2002CB1D9 /* InfoPlist.strings */; };
		AACB600518EB8ED2002CB1D9 /* BeaconInfectTests.m in Sources */ = {isa = PBXBuildFile; fileRef = AACB600418EB8ED2002CB1D9 /* BeaconInfectTests.m */; };
/* End PBXBuildFile section */

/* Begin PBXContainerItemProxy section */
		AACB5FFC18EB8ED2002CB1D9 /* PBXContainerItemProxy */ = {
			isa = PBXContainerItemProxy;
			containerPortal = AACB5FCB18EB8ED1002CB1D9 /* Project object */;
			proxyType = 1;
			remoteGlobalIDString = AACB5FD218EB8ED1002CB1D9;
			remoteInfo = BeaconInfect;
		};
/* End PBXContainerItemProxy section */

/* Begin PBXFileReference section */
		AACB5FD318EB8ED1002CB1D9 /* BeaconInfect.app */ = {isa = PBXFileReference; explicitFileType = wrapper.application; includeInIndex = 0; path = BeaconInfect.app; sourceTree = BUILT_PRODUCTS_DIR; };
		AACB5FD618EB8ED1002CB1D9 /* Foundation.framework */ = {isa = PBXFileReference; lastKnownFileType = wrapper.framework; name = Foundation.framework; path = System/Library/Frameworks/Foundation.framework; sourceTree = SDKROOT; };
		AACB5FD818EB8ED1002CB1D9 /* CoreGraphics.framework */ = {isa = PBXFileReference; lastKnownFileType = wrapper.framework; name = CoreGraphics.framework; path = System/Library/Frameworks/CoreGraphics.framework; sourceTree = SDKROOT; };
		AACB5FDA18EB8ED1002CB1D9 /* UIKit.framework */ = {isa = PBXFileReference; lastKnownFileType = wrapper.framework; name = UIKit.framework; path = System/Library/Frameworks/UIKit.framework; sourceTree = SDKROOT; };
		AACB5FDE18EB8ED1002CB1D9 /* BeaconInfect-Info.plist */ = {isa = PBXFileReference; lastKnownFileType = text.plist.xml; path = "BeaconInfect-Info.plist"; sourceTree = "<group>"; };
		AACB5FE018EB8ED1002CB1D9 /* en */ = {isa = PBXFileReference; lastKnownFileType = text.plist.strings; name = en; path = en.lproj/InfoPlist.strings; sourceTree = "<group>"; };
		AACB5FE218EB8ED1002CB1D9 /* main.m */ = {isa = PBXFileReference; lastKnownFileType = sourcecode.c.objc; path = main.m; sourceTree = "<group>"; };
		AACB5FE418EB8ED1002CB1D9 /* BeaconInfect-Prefix.pch */ = {isa = PBXFileReference; lastKnownFileType = sourcecode.c.h; path = "BeaconInfect-Prefix.pch"; sourceTree = "<group>"; };
		AACB5FE518EB8ED1002CB1D9 /* R45AppDelegate.h */ = {isa = PBXFileReference; lastKnownFileType = sourcecode.c.h; path = R45AppDelegate.h; sourceTree = "<group>"; };
		AACB5FE618EB8ED1002CB1D9 /* R45AppDelegate.m */ = {isa = PBXFileReference; lastKnownFileType = sourcecode.c.objc; path = R45AppDelegate.m; sourceTree = "<group>"; };
		AACB5FE918EB8ED1002CB1D9 /* Base */ = {isa = PBXFileReference; lastKnownFileType = file.storyboard; name = Base; path = Base.lproj/Main_iPhone.storyboard; sourceTree = "<group>"; };
		AACB5FEC18EB8ED1002CB1D9 /* Base */ = {isa = PBXFileReference; lastKnownFileType = file.storyboard; name = Base; path = Base.lproj/Main_iPad.storyboard; sourceTree = "<group>"; };
		AACB5FEE18EB8ED1002CB1D9 /* R45ViewController.h */ = {isa = PBXFileReference; lastKnownFileType = sourcecode.c.h; path = R45ViewController.h; sourceTree = "<group>"; };
		AACB5FEF18EB8ED1002CB1D9 /* R45ViewController.m */ = {isa = PBXFileReference; lastKnownFileType = sourcecode.c.objc; path = R45ViewController.m; sourceTree = "<group>"; };
		AACB5FF118EB8ED2002CB1D9 /* Images.xcassets */ = {isa = PBXFileReference; lastKnownFileType = folder.assetcatalog; path = Images.xcassets; sourceTree = "<group>"; };
		AACB5FF718EB8ED2002CB1D9 /* BeaconInfectTests.xctest */ = {isa = PBXFileReference; explicitFileType = wrapper.cfbundle; includeInIndex = 0; path = BeaconInfectTests.xctest; sourceTree = BUILT_PRODUCTS_DIR; };
		AACB5FF818EB8ED2002CB1D9 /* XCTest.framework */ = {isa = PBXFileReference; lastKnownFileType = wrapper.framework; name = XCTest.framework; path = Library/Frameworks/XCTest.framework; sourceTree = DEVELOPER_DIR; };
		AACB600018EB8ED2002CB1D9 /* BeaconInfectTests-Info.plist */ = {isa = PBXFileReference; lastKnownFileType = text.plist.xml; path = "BeaconInfectTests-Info.plist"; sourceTree = "<group>"; };
		AACB600218EB8ED2002CB1D9 /* en */ = {isa = PBXFileReference; lastKnownFileType = text.plist.strings; name = en; path = en.lproj/InfoPlist.strings; sourceTree = "<group>"; };
		AACB600418EB8ED2002CB1D9 /* BeaconInfectTests.m */ = {isa = PBXFileReference; lastKnownFileType = sourcecode.c.objc; path = BeaconInfectTests.m; sourceTree = "<group>"; };
/* End PBXFileReference section */

/* Begin PBXFrameworksBuildPhase section */
		AACB5FD018EB8ED1002CB1D9 /* Frameworks */ = {
			isa = PBXFrameworksBuildPhase;
			buildActionMask = 2147483647;
			files = (
				AACB5FD918EB8ED1002CB1D9 /* CoreGraphics.framework in Frameworks */,
				AACB5FDB18EB8ED1002CB1D9 /* UIKit.framework in Frameworks */,
				AACB5FD718EB8ED1002CB1D9 /* Foundation.framework in Frameworks */,
			);
			runOnlyForDeploymentPostprocessing = 0;
		};
		AACB5FF418EB8ED2002CB1D9 /* Frameworks */ = {
			isa = PBXFrameworksBuildPhase;
			buildActionMask = 2147483647;
			files = (
				AACB5FF918EB8ED2002CB1D9 /* XCTest.framework in Frameworks */,
				AACB5FFB18EB8ED2002CB1D9 /* UIKit.framework in Frameworks */,
				AACB5FFA18EB8ED2002CB1D9 /* Foundation.framework in Frameworks */,
			);
			runOnlyForDeploymentPostprocessing = 0;
		};
/* End PBXFrameworksBuildPhase section */

/* Begin PBXGroup section */
		AACB5FCA18EB8ED1002CB1D9 = {
			isa = PBXGroup;
			children = (
				AACB5FDC18EB8ED1002CB1D9 /* BeaconInfect */,
				AACB5FFE18EB8ED2002CB1D9 /* BeaconInfectTests */,
				AACB5FD518EB8ED1002CB1D9 /* Frameworks */,
				AACB5FD418EB8ED1002CB1D9 /* Products */,
			);
			sourceTree = "<group>";
		};
		AACB5FD418EB8ED1002CB1D9 /* Products */ = {
			isa = PBXGroup;
			children = (
				AACB5FD318EB8ED1002CB1D9 /* BeaconInfect.app */,
				AACB5FF718EB8ED2002CB1D9 /* BeaconInfectTests.xctest */,
			);
			name = Products;
			sourceTree = "<group>";
		};
		AACB5FD518EB8ED1002CB1D9 /* Frameworks */ = {
			isa = PBXGroup;
			children = (
				AACB5FD618EB8ED1002CB1D9 /* Foundation.framework */,
				AACB5FD818EB8ED1002CB1D9 /* CoreGraphics.framework */,
				AACB5FDA18EB8ED1002CB1D9 /* UIKit.framework */,
				AACB5FF818EB8ED2002CB1D9 /* XCTest.framework */,
			);
			name = Frameworks;
			sourceTree = "<group>";
		};
		AACB5FDC18EB8ED1002CB1D9 /* BeaconInfect */ = {
			isa = PBXGroup;
			children = (
				AACB5FE518EB8ED1002CB1D9 /* R45AppDelegate.h */,
				AACB5FE618EB8ED1002CB1D9 /* R45AppDelegate.m */,
				AACB5FE818EB8ED1002CB1D9 /* Main_iPhone.storyboard */,
				AACB5FEB18EB8ED1002CB1D9 /* Main_iPad.storyboard */,
				AACB5FEE18EB8ED1002CB1D9 /* R45ViewController.h */,
				AACB5FEF18EB8ED1002CB1D9 /* R45ViewController.m */,
				AACB5FF118EB8ED2002CB1D9 /* Images.xcassets */,
				AACB5FDD18EB8ED1002CB1D9 /* Supporting Files */,
			);
			path = BeaconInfect;
			sourceTree = "<group>";
		};
		AACB5FDD18EB8ED1002CB1D9 /* Supporting Files */ = {
			isa = PBXGroup;
			children = (
				AACB5FDE18EB8ED1002CB1D9 /* BeaconInfect-Info.plist */,
				AACB5FDF18EB8ED1002CB1D9 /* InfoPlist.strings */,
				AACB5FE218EB8ED1002CB1D9 /* main.m */,
				AACB5FE418EB8ED1002CB1D9 /* BeaconInfect-Prefix.pch */,
			);
			name = "Supporting Files";
			sourceTree = "<group>";
		};
		AACB5FFE18EB8ED2002CB1D9 /* BeaconInfectTests */ = {
			isa = PBXGroup;
			children = (
				AACB600418EB8ED2002CB1D9 /* BeaconInfectTests.m */,
				AACB5FFF18EB8ED2002CB1D9 /* Supporting Files */,
			);
			path = BeaconInfectTests;
			sourceTree = "<group>";
		};
		AACB5FFF18EB8ED2002CB1D9 /* Supporting Files */ = {
			isa = PBXGroup;
			children = (
				AACB600018EB8ED2002CB1D9 /* BeaconInfectTests-Info.plist */,
				AACB600118EB8ED2002CB1D9 /* InfoPlist.strings */,
			);
			name = "Supporting Files";
			sourceTree = "<group>";
		};
/* End PBXGroup section */

/* Begin PBXNativeTarget section */
		AACB5FD218EB8ED1002CB1D9 /* BeaconInfect */ = {
			isa = PBXNativeTarget;
			buildConfigurationList = AACB600818EB8ED2002CB1D9 /* Build configuration list for PBXNativeTarget "BeaconInfect" */;
			buildPhases = (
				AACB5FCF18EB8ED1002CB1D9 /* Sources */,
				AACB5FD018EB8ED1002CB1D9 /* Frameworks */,
				AACB5FD118EB8ED1002CB1D9 /* Resources */,
			);
			buildRules = (
			);
			dependencies = (
			);
			name = BeaconInfect;
			productName = BeaconInfect;
			productReference = AACB5FD318EB8ED1002CB1D9 /* BeaconInfect.app */;
			productType = "com.apple.product-type.application";
		};
		AACB5FF618EB8ED2002CB1D9 /* BeaconInfectTests */ = {
			isa = PBXNativeTarget;
			buildConfigurationList = AACB600B18EB8ED2002CB1D9 /* Build configuration list for PBXNativeTarget "BeaconInfectTests" */;
			buildPhases = (
				AACB5FF318EB8ED2002CB1D9 /* Sources */,
				AACB5FF418EB8ED2002CB1D9 /* Frameworks */,
				AACB5FF518EB8ED2002CB1D9 /* Resources */,
			);
			buildRules = (
			);
			dependencies = (
				AACB5FFD18EB8ED2002CB1D9 /* PBXTargetDependency */,
			);
			name = BeaconInfectTests;
			productName = BeaconInfectTests;
			productReference = AACB5FF718EB8ED2002CB1D9 /* BeaconInfectTests.xctest */;
			productType = "com.apple.product-type.bundle.unit-test";
		};
/* End PBXNativeTarget section */

/* Begin PBXProject section */
		AACB5FCB18EB8ED1002CB1D9 /* Project object */ = {
			isa = PBXProject;
			attributes = {
				CLASSPREFIX = R45;
				LastUpgradeCheck = 0510;
				ORGANIZATIONNAME = "Room 45";
				TargetAttributes = {
					AACB5FD218EB8ED1002CB1D9 = {
						SystemCapabilities = {
							com.apple.BackgroundModes = {
								enabled = 1;
							};
						};
					};
					AACB5FF618EB8ED2002CB1D9 = {
						TestTargetID = AACB5FD218EB8ED1002CB1D9;
					};
				};
			};
			buildConfigurationList = AACB5FCE18EB8ED1002CB1D9 /* Build configuration list for PBXProject "BeaconInfect" */;
			compatibilityVersion = "Xcode 3.2";
			developmentRegion = English;
			hasScannedForEncodings = 0;
			knownRegions = (
				en,
				Base,
			);
			mainGroup = AACB5FCA18EB8ED1002CB1D9;
			productRefGroup = AACB5FD418EB8ED1002CB1D9 /* Products */;
			projectDirPath = "";
			projectRoot = "";
			targets = (
				AACB5FD218EB8ED1002CB1D9 /* BeaconInfect */,
				AACB5FF618EB8ED2002CB1D9 /* BeaconInfectTests */,
			);
		};
/* End PBXProject section */

/* Begin PBXResourcesBuildPhase section */
		AACB5FD118EB8ED1002CB1D9 /* Resources */ = {
			isa = PBXResourcesBuildPhase;
			buildActionMask = 2147483647;
			files = (
				AACB5FED18EB8ED1002CB1D9 /* Main_iPad.storyboard in Resources */,
				AACB5FF218EB8ED2002CB1D9 /* Images.xcassets in Resources */,
				AACB5FEA18EB8ED1002CB1D9 /* Main_iPhone.storyboard in Resources */,
				AACB5FE118EB8ED1002CB1D9 /* InfoPlist.strings in Resources */,
			);
			runOnlyForDeploymentPostprocessing = 0;
		};
		AACB5FF518EB8ED2002CB1D9 /* Resources */ = {
			isa = PBXResourcesBuildPhase;
			buildActionMask = 2147483647;
			files = (
				AACB600318EB8ED2002CB1D9 /* InfoPlist.strings in Resources */,
			);
			runOnlyForDeploymentPostprocessing = 0;
		};
/* End PBXResourcesBuildPhase section */

/* Begin PBXSourcesBuildPhase section */
		AACB5FCF18EB8ED1002CB1D9 /* Sources */ = {
			isa = PBXSourcesBuildPhase;
			buildActionMask = 2147483647;
			files = (
				AACB5FE718EB8ED1002CB1D9 /* R45AppDelegate.m in Sources */,
				AACB5FF018EB8ED1002CB1D9 /* R45ViewController.m in Sources */,
				AACB5FE318EB8ED1002CB1D9 /* main.m in Sources */,
			);
			runOnlyForDeploymentPostprocessing = 0;
		};
		AACB5FF318EB8ED2002CB1D9 /* Sources */ = {
			isa = PBXSourcesBuildPhase;
			buildActionMask = 2147483647;
			files = (
				AACB600518EB8ED2002CB1D9 /* BeaconInfectTests.m in Sources */,
			);
			runOnlyForDeploymentPostprocessing = 0;
		};
/* End PBXSourcesBuildPhase section */

/* Begin PBXTargetDependency section */
		AACB5FFD18EB8ED2002CB1D9 /* PBXTargetDependency */ = {
			isa = PBXTargetDependency;
			target = AACB5FD218EB8ED1002CB1D9 /* BeaconInfect */;
			targetProxy = AACB5FFC18EB8ED2002CB1D9 /* PBXContainerItemProxy */;
		};
/* End PBXTargetDependency section */

/* Begin PBXVariantGroup section */
		AACB5FDF18EB8ED1002CB1D9 /* InfoPlist.strings */ = {
			isa = PBXVariantGroup;
			children = (
				AACB5FE018EB8ED1002CB1D9 /* en */,
			);
			name = InfoPlist.strings;
			sourceTree = "<group>";
		};
		AACB5FE818EB8ED1002CB1D9 /* Main_iPhone.storyboard */ = {
			isa = PBXVariantGroup;
			children = (
				AACB5FE918EB8ED1002CB1D9 /* Base */,
			);
			name = Main_iPhone.storyboard;
			sourceTree = "<group>";
		};
		AACB5FEB18EB8ED1002CB1D9 /* Main_iPad.storyboard */ = {
			isa = PBXVariantGroup;
			children = (
				AACB5FEC18EB8ED1002CB1D9 /* Base */,
			);
			name = Main_iPad.storyboard;
			sourceTree = "<group>";
		};
		AACB600118EB8ED2002CB1D9 /* InfoPlist.strings */ = {
			isa = PBXVariantGroup;
			children = (
				AACB600218EB8ED2002CB1D9 /* en */,
			);
			name = InfoPlist.strings;
			sourceTree = "<group>";
		};
/* End PBXVariantGroup section */

/* Begin XCBuildConfiguration section */
		AACB600618EB8ED2002CB1D9 /* Debug */ = {
			isa = XCBuildConfiguration;
			buildSettings = {
				ALWAYS_SEARCH_USER_PATHS = NO;
				CLANG_CXX_LANGUAGE_STANDARD = "gnu++0x";
				CLANG_CXX_LIBRARY = "libc++";
				CLANG_ENABLE_MODULES = YES;
				CLANG_ENABLE_OBJC_ARC = YES;
				CLANG_WARN_BOOL_CONVERSION = YES;
				CLANG_WARN_CONSTANT_CONVERSION = YES;
				CLANG_WARN_DIRECT_OBJC_ISA_USAGE = YES_ERROR;
				CLANG_WARN_EMPTY_BODY = YES;
				CLANG_WARN_ENUM_CONVERSION = YES;
				CLANG_WARN_INT_CONVERSION = YES;
				CLANG_WARN_OBJC_ROOT_CLASS = YES_ERROR;
				CLANG_WARN__DUPLICATE_METHOD_MATCH = YES;
				"CODE_SIGN_IDENTITY[sdk=iphoneos*]" = "iPhone Developer";
				COPY_PHASE_STRIP = NO;
				GCC_C_LANGUAGE_STANDARD = gnu99;
				GCC_DYNAMIC_NO_PIC = NO;
				GCC_OPTIMIZATION_LEVEL = 0;
				GCC_PREPROCESSOR_DEFINITIONS = (
					"DEBUG=1",
					"$(inherited)",
				);
				GCC_SYMBOLS_PRIVATE_EXTERN = NO;
				GCC_WARN_64_TO_32_BIT_CONVERSION = YES;
				GCC_WARN_ABOUT_RETURN_TYPE = YES_ERROR;
				GCC_WARN_UNDECLARED_SELECTOR = YES;
				GCC_WARN_UNINITIALIZED_AUTOS = YES_AGGRESSIVE;
				GCC_WARN_UNUSED_FUNCTION = YES;
				GCC_WARN_UNUSED_VARIABLE = YES;
				IPHONEOS_DEPLOYMENT_TARGET = 7.1;
				ONLY_ACTIVE_ARCH = YES;
				SDKROOT = iphoneos;
				TARGETED_DEVICE_FAMILY = "1,2";
			};
			name = Debug;
		};
		AACB600718EB8ED2002CB1D9 /* Release */ = {
			isa = XCBuildConfiguration;
			buildSettings = {
				ALWAYS_SEARCH_USER_PATHS = NO;
				CLANG_CXX_LANGUAGE_STANDARD = "gnu++0x";
				CLANG_CXX_LIBRARY = "libc++";
				CLANG_ENABLE_MODULES = YES;
				CLANG_ENABLE_OBJC_ARC = YES;
				CLANG_WARN_BOOL_CONVERSION = YES;
				CLANG_WARN_CONSTANT_CONVERSION = YES;
				CLANG_WARN_DIRECT_OBJC_ISA_USAGE = YES_ERROR;
				CLANG_WARN_EMPTY_BODY = YES;
				CLANG_WARN_ENUM_CONVERSION = YES;
				CLANG_WARN_INT_CONVERSION = YES;
				CLANG_WARN_OBJC_ROOT_CLASS = YES_ERROR;
				CLANG_WARN__DUPLICATE_METHOD_MATCH = YES;
				"CODE_SIGN_IDENTITY[sdk=iphoneos*]" = "iPhone Developer";
				COPY_PHASE_STRIP = YES;
				ENABLE_NS_ASSERTIONS = NO;
				GCC_C_LANGUAGE_STANDARD = gnu99;
				GCC_WARN_64_TO_32_BIT_CONVERSION = YES;
				GCC_WARN_ABOUT_RETURN_TYPE = YES_ERROR;
				GCC_WARN_UNDECLARED_SELECTOR = YES;
				GCC_WARN_UNINITIALIZED_AUTOS = YES_AGGRESSIVE;
				GCC_WARN_UNUSED_FUNCTION = YES;
				GCC_WARN_UNUSED_VARIABLE = YES;
				IPHONEOS_DEPLOYMENT_TARGET = 7.1;
				SDKROOT = iphoneos;
				TARGETED_DEVICE_FAMILY = "1,2";
				VALIDATE_PRODUCT = YES;
			};
			name = Release;
		};
		AACB600918EB8ED2002CB1D9 /* Debug */ = {
			isa = XCBuildConfiguration;
			buildSettings = {
				ASSETCATALOG_COMPILER_APPICON_NAME = AppIcon;
				ASSETCATALOG_COMPILER_LAUNCHIMAGE_NAME = LaunchImage;
				GCC_PRECOMPILE_PREFIX_HEADER = YES;
				GCC_PREFIX_HEADER = "BeaconInfect/BeaconInfect-Prefix.pch";
				INFOPLIST_FILE = "BeaconInfect/BeaconInfect-Info.plist";
				PRODUCT_NAME = "$(TARGET_NAME)";
				WRAPPER_EXTENSION = app;
			};
			name = Debug;
		};
		AACB600A18EB8ED2002CB1D9 /* Release */ = {
			isa = XCBuildConfiguration;
			buildSettings = {
				ASSETCATALOG_COMPILER_APPICON_NAME = AppIcon;
				ASSETCATALOG_COMPILER_LAUNCHIMAGE_NAME = LaunchImage;
				GCC_PRECOMPILE_PREFIX_HEADER = YES;
				GCC_PREFIX_HEADER = "BeaconInfect/BeaconInfect-Prefix.pch";
				INFOPLIST_FILE = "BeaconInfect/BeaconInfect-Info.plist";
				PRODUCT_NAME = "$(TARGET_NAME)";
				WRAPPER_EXTENSION = app;
			};
			name = Release;
		};
		AACB600C18EB8ED2002CB1D9 /* Debug */ = {
			isa = XCBuildConfiguration;
			buildSettings = {
				BUNDLE_LOADER = "$(BUILT_PRODUCTS_DIR)/BeaconInfect.app/BeaconInfect";
				FRAMEWORK_SEARCH_PATHS = (
					"$(SDKROOT)/Developer/Library/Frameworks",
					"$(inherited)",
					"$(DEVELOPER_FRAMEWORKS_DIR)",
				);
				GCC_PRECOMPILE_PREFIX_HEADER = YES;
				GCC_PREFIX_HEADER = "BeaconInfect/BeaconInfect-Prefix.pch";
				GCC_PREPROCESSOR_DEFINITIONS = (
					"DEBUG=1",
					"$(inherited)",
				);
				INFOPLIST_FILE = "BeaconInfectTests/BeaconInfectTests-Info.plist";
				PRODUCT_NAME = "$(TARGET_NAME)";
				TEST_HOST = "$(BUNDLE_LOADER)";
				WRAPPER_EXTENSION = xctest;
			};
			name = Debug;
		};
		AACB600D18EB8ED2002CB1D9 /* Release */ = {
			isa = XCBuildConfiguration;
			buildSettings = {
				BUNDLE_LOADER = "$(BUILT_PRODUCTS_DIR)/BeaconInfect.app/BeaconInfect";
				FRAMEWORK_SEARCH_PATHS = (
					"$(SDKROOT)/Developer/Library/Frameworks",
					"$(inherited)",
					"$(DEVELOPER_FRAMEWORKS_DIR)",
				);
				GCC_PRECOMPILE_PREFIX_HEADER = YES;
				GCC_PREFIX_HEADER = "BeaconInfect/BeaconInfect-Prefix.pch";
				INFOPLIST_FILE = "BeaconInfectTests/BeaconInfectTests-Info.plist";
				PRODUCT_NAME = "$(TARGET_NAME)";
				TEST_HOST = "$(BUNDLE_LOADER)";
				WRAPPER_EXTENSION = xctest;
			};
			name = Release;
		};
/* End XCBuildConfiguration section */

/* Begin XCConfigurationList section */
		AACB5FCE18EB8ED1002CB1D9 /* Build configuration list for PBXProject "BeaconInfect" */ = {
			isa = XCConfigurationList;
			buildConfigurations = (
				AACB600618EB8ED2002CB1D9 /* Debug */,
				AACB600718EB8ED2002CB1D9 /* Release */,
			);
			defaultConfigurationIsVisible = 0;
			defaultConfigurationName = Release;
		};
		AACB600818EB8ED2002CB1D9 /* Build configuration list for PBXNativeTarget "BeaconInfect" */ = {
			isa = XCConfigurationList;
			buildConfigurations = (
				AACB600918EB8ED2002CB1D9 /* Debug */,
				AACB600A18EB8ED2002CB1D9 /* Release */,
			);
			defaultConfigurationIsVisible = 0;
			defaultConfigurationName = Release;
		};
		AACB600B18EB8ED2002CB1D9 /* Build configuration list for PBXNativeTarget "BeaconInfectTests" */ = {
			isa = XCConfigurationList;
			buildConfigurations = (
				AACB600C18EB8ED2002CB1D9 /* Debug */,
				AACB600D18EB8ED2002CB1D9 /* Release */,
			);
			defaultConfigurationIsVisible = 0;
			defaultConfigurationName = Release;
		};
/* End XCConfigurationList section */
	};
	rootObject = AACB5FCB18EB8ED1002CB1D9 /* Project object */;
}
